// !$*UTF8*$!
{
	archiveVersion = 1;
	classes = {
	};
	objectVersion = 46;
	objects = {

/* Begin PBXBuildFile section */
		4545BE811DBF35D90077360F /* .swiftlint.yml in Resources */ = {isa = PBXBuildFile; fileRef = 4545BE801DBF35D90077360F /* .swiftlint.yml */; };
		457A9CF51DB4866100B34777 /* GitHubService.swift in Sources */ = {isa = PBXBuildFile; fileRef = 457A9CF41DB4866100B34777 /* GitHubService.swift */; };
		45B1A50E1D7E6DB100E820B1 /* AppDelegate.swift in Sources */ = {isa = PBXBuildFile; fileRef = 45B1A50D1D7E6DB100E820B1 /* AppDelegate.swift */; };
		45B1A5101D7E6DB100E820B1 /* ViewController.swift in Sources */ = {isa = PBXBuildFile; fileRef = 45B1A50F1D7E6DB100E820B1 /* ViewController.swift */; };
		45B1A5131D7E6DB100E820B1 /* Main.storyboard in Resources */ = {isa = PBXBuildFile; fileRef = 45B1A5111D7E6DB100E820B1 /* Main.storyboard */; };
		45B1A5151D7E6DB100E820B1 /* Assets.xcassets in Resources */ = {isa = PBXBuildFile; fileRef = 45B1A5141D7E6DB100E820B1 /* Assets.xcassets */; };
		45B1A5181D7E6DB100E820B1 /* LaunchScreen.storyboard in Resources */ = {isa = PBXBuildFile; fileRef = 45B1A5161D7E6DB100E820B1 /* LaunchScreen.storyboard */; };
		45B1A5221D7E6FC200E820B1 /* Podfile in Resources */ = {isa = PBXBuildFile; fileRef = 45B1A5211D7E6FC200E820B1 /* Podfile */; };
		45B1A5261D7E7C3000E820B1 /* Models.swift in Sources */ = {isa = PBXBuildFile; fileRef = 45B1A5251D7E7C3000E820B1 /* Models.swift */; };
		45B1A5281D7E7CE300E820B1 /* IssueTrackerModel.swift in Sources */ = {isa = PBXBuildFile; fileRef = 45B1A5271D7E7CE300E820B1 /* IssueTrackerModel.swift */; };
		45B1A52A1D7E87A800E820B1 /* UserInfoModel.swift in Sources */ = {isa = PBXBuildFile; fileRef = 45B1A5291D7E87A800E820B1 /* UserInfoModel.swift */; };
		A4DA53FE38EFADDD831168BB /* Pods_RxMoyaExample.framework in Frameworks */ = {isa = PBXBuildFile; fileRef = 3D0E5C8E3E4F2013973A93D6 /* Pods_RxMoyaExample.framework */; };
/* End PBXBuildFile section */

/* Begin PBXFileReference section */
		1B2F98DF84E5C5D92CB75F44 /* Pods-RxMoyaExample.release.xcconfig */ = {isa = PBXFileReference; includeInIndex = 1; lastKnownFileType = text.xcconfig; name = "Pods-RxMoyaExample.release.xcconfig"; path = "Pods/Target Support Files/Pods-RxMoyaExample/Pods-RxMoyaExample.release.xcconfig"; sourceTree = "<group>"; };
		3D0E5C8E3E4F2013973A93D6 /* Pods_RxMoyaExample.framework */ = {isa = PBXFileReference; explicitFileType = wrapper.framework; includeInIndex = 0; path = Pods_RxMoyaExample.framework; sourceTree = BUILT_PRODUCTS_DIR; };
		4545BE801DBF35D90077360F /* .swiftlint.yml */ = {isa = PBXFileReference; fileEncoding = 4; lastKnownFileType = text; path = .swiftlint.yml; sourceTree = "<group>"; };
		457A9CF41DB4866100B34777 /* GitHubService.swift */ = {isa = PBXFileReference; fileEncoding = 4; lastKnownFileType = sourcecode.swift; path = GitHubService.swift; sourceTree = "<group>"; };
		45B1A50A1D7E6DB100E820B1 /* RxMoyaExample.app */ = {isa = PBXFileReference; explicitFileType = wrapper.application; includeInIndex = 0; path = RxMoyaExample.app; sourceTree = BUILT_PRODUCTS_DIR; };
		45B1A50D1D7E6DB100E820B1 /* AppDelegate.swift */ = {isa = PBXFileReference; lastKnownFileType = sourcecode.swift; path = AppDelegate.swift; sourceTree = "<group>"; };
		45B1A50F1D7E6DB100E820B1 /* ViewController.swift */ = {isa = PBXFileReference; lastKnownFileType = sourcecode.swift; path = ViewController.swift; sourceTree = "<group>"; };
		45B1A5121D7E6DB100E820B1 /* Base */ = {isa = PBXFileReference; lastKnownFileType = file.storyboard; name = Base; path = Base.lproj/Main.storyboard; sourceTree = "<group>"; };
		45B1A5141D7E6DB100E820B1 /* Assets.xcassets */ = {isa = PBXFileReference; lastKnownFileType = folder.assetcatalog; path = Assets.xcassets; sourceTree = "<group>"; };
		45B1A5171D7E6DB100E820B1 /* Base */ = {isa = PBXFileReference; lastKnownFileType = file.storyboard; name = Base; path = Base.lproj/LaunchScreen.storyboard; sourceTree = "<group>"; };
		45B1A5191D7E6DB100E820B1 /* Info.plist */ = {isa = PBXFileReference; lastKnownFileType = text.plist.xml; path = Info.plist; sourceTree = "<group>"; };
		45B1A5211D7E6FC200E820B1 /* Podfile */ = {isa = PBXFileReference; fileEncoding = 4; lastKnownFileType = text; path = Podfile; sourceTree = "<group>"; xcLanguageSpecificationIdentifier = xcode.lang.ruby; };
		45B1A5251D7E7C3000E820B1 /* Models.swift */ = {isa = PBXFileReference; fileEncoding = 4; lastKnownFileType = sourcecode.swift; path = Models.swift; sourceTree = "<group>"; };
		45B1A5271D7E7CE300E820B1 /* IssueTrackerModel.swift */ = {isa = PBXFileReference; fileEncoding = 4; lastKnownFileType = sourcecode.swift; path = IssueTrackerModel.swift; sourceTree = "<group>"; };
		45B1A5291D7E87A800E820B1 /* UserInfoModel.swift */ = {isa = PBXFileReference; fileEncoding = 4; lastKnownFileType = sourcecode.swift; path = UserInfoModel.swift; sourceTree = "<group>"; };
		F9A87ADBB6D379AE7999E157 /* Pods-RxMoyaExample.debug.xcconfig */ = {isa = PBXFileReference; includeInIndex = 1; lastKnownFileType = text.xcconfig; name = "Pods-RxMoyaExample.debug.xcconfig"; path = "Pods/Target Support Files/Pods-RxMoyaExample/Pods-RxMoyaExample.debug.xcconfig"; sourceTree = "<group>"; };
/* End PBXFileReference section */

/* Begin PBXFrameworksBuildPhase section */
		45B1A5071D7E6DB100E820B1 /* Frameworks */ = {
			isa = PBXFrameworksBuildPhase;
			buildActionMask = 2147483647;
			files = (
				A4DA53FE38EFADDD831168BB /* Pods_RxMoyaExample.framework in Frameworks */,
			);
			runOnlyForDeploymentPostprocessing = 0;
		};
/* End PBXFrameworksBuildPhase section */

/* Begin PBXGroup section */
		1B642CDAB8F15CDC7D43A445 /* Frameworks */ = {
			isa = PBXGroup;
			children = (
				3D0E5C8E3E4F2013973A93D6 /* Pods_RxMoyaExample.framework */,
			);
			name = Frameworks;
			sourceTree = "<group>";
		};
		45B1A5011D7E6DB100E820B1 = {
			isa = PBXGroup;
			children = (
				4545BE801DBF35D90077360F /* .swiftlint.yml */,
				45B1A5211D7E6FC200E820B1 /* Podfile */,
				45B1A50C1D7E6DB100E820B1 /* RxMoyaExample */,
				45B1A50B1D7E6DB100E820B1 /* Products */,
				667323BC490D7E25C90DAACA /* Pods */,
				1B642CDAB8F15CDC7D43A445 /* Frameworks */,
			);
			sourceTree = "<group>";
		};
		45B1A50B1D7E6DB100E820B1 /* Products */ = {
			isa = PBXGroup;
			children = (
				45B1A50A1D7E6DB100E820B1 /* RxMoyaExample.app */,
			);
			name = Products;
			sourceTree = "<group>";
		};
		45B1A50C1D7E6DB100E820B1 /* RxMoyaExample */ = {
			isa = PBXGroup;
			children = (
				45B1A50D1D7E6DB100E820B1 /* AppDelegate.swift */,
				45B1A50F1D7E6DB100E820B1 /* ViewController.swift */,
				45B1A5291D7E87A800E820B1 /* UserInfoModel.swift */,
				457A9CF41DB4866100B34777 /* GitHubService.swift */,
				45B1A5251D7E7C3000E820B1 /* Models.swift */,
				45B1A5271D7E7CE300E820B1 /* IssueTrackerModel.swift */,
				45B1A5111D7E6DB100E820B1 /* Main.storyboard */,
				45B1A5141D7E6DB100E820B1 /* Assets.xcassets */,
				45B1A5161D7E6DB100E820B1 /* LaunchScreen.storyboard */,
				45B1A5191D7E6DB100E820B1 /* Info.plist */,
			);
			path = RxMoyaExample;
			sourceTree = "<group>";
		};
		667323BC490D7E25C90DAACA /* Pods */ = {
			isa = PBXGroup;
			children = (
				F9A87ADBB6D379AE7999E157 /* Pods-RxMoyaExample.debug.xcconfig */,
				1B2F98DF84E5C5D92CB75F44 /* Pods-RxMoyaExample.release.xcconfig */,
			);
			name = Pods;
			sourceTree = "<group>";
		};
/* End PBXGroup section */

/* Begin PBXNativeTarget section */
		45B1A5091D7E6DB100E820B1 /* RxMoyaExample */ = {
			isa = PBXNativeTarget;
			buildConfigurationList = 45B1A51C1D7E6DB100E820B1 /* Build configuration list for PBXNativeTarget "RxMoyaExample" */;
			buildPhases = (
				79CDE469215B6EB0CF1AB69A /* 📦 Check Pods Manifest.lock */,
				45B1A5061D7E6DB100E820B1 /* Sources */,
				45B1A5071D7E6DB100E820B1 /* Frameworks */,
				45B1A5081D7E6DB100E820B1 /* Resources */,
				635F657D1E90371F5892AB99 /* 📦 Embed Pods Frameworks */,
				F17FDF2AB0E5F39B9A19AD8B /* 📦 Copy Pods Resources */,
				4545BE821DBF35F80077360F /* ShellScript */,
			);
			buildRules = (
			);
			dependencies = (
			);
			name = RxMoyaExample;
			productName = RxMoyaExample;
			productReference = 45B1A50A1D7E6DB100E820B1 /* RxMoyaExample.app */;
			productType = "com.apple.product-type.application";
		};
/* End PBXNativeTarget section */

/* Begin PBXProject section */
		45B1A5021D7E6DB100E820B1 /* Project object */ = {
			isa = PBXProject;
			attributes = {
				LastSwiftUpdateCheck = 0730;
				LastUpgradeCheck = 0730;
				ORGANIZATIONNAME = "Sekai Lab BD";
				TargetAttributes = {
					45B1A5091D7E6DB100E820B1 = {
						CreatedOnToolsVersion = 7.3;
					};
				};
			};
			buildConfigurationList = 45B1A5051D7E6DB100E820B1 /* Build configuration list for PBXProject "RxMoyaExample" */;
			compatibilityVersion = "Xcode 3.2";
			developmentRegion = English;
			hasScannedForEncodings = 0;
			knownRegions = (
				en,
				Base,
			);
			mainGroup = 45B1A5011D7E6DB100E820B1;
			productRefGroup = 45B1A50B1D7E6DB100E820B1 /* Products */;
			projectDirPath = "";
			projectRoot = "";
			targets = (
				45B1A5091D7E6DB100E820B1 /* RxMoyaExample */,
			);
		};
/* End PBXProject section */

/* Begin PBXResourcesBuildPhase section */
		45B1A5081D7E6DB100E820B1 /* Resources */ = {
			isa = PBXResourcesBuildPhase;
			buildActionMask = 2147483647;
			files = (
				4545BE811DBF35D90077360F /* .swiftlint.yml in Resources */,
				45B1A5181D7E6DB100E820B1 /* LaunchScreen.storyboard in Resources */,
				45B1A5151D7E6DB100E820B1 /* Assets.xcassets in Resources */,
				45B1A5221D7E6FC200E820B1 /* Podfile in Resources */,
				45B1A5131D7E6DB100E820B1 /* Main.storyboard in Resources */,
			);
			runOnlyForDeploymentPostprocessing = 0;
		};
/* End PBXResourcesBuildPhase section */

/* Begin PBXShellScriptBuildPhase section */
		4545BE821DBF35F80077360F /* ShellScript */ = {
			isa = PBXShellScriptBuildPhase;
			buildActionMask = 2147483647;
			files = (
			);
			inputPaths = (
			);
			outputPaths = (
			);
			runOnlyForDeploymentPostprocessing = 0;
			shellPath = /bin/sh;
			shellScript = "if which swiftlint >/dev/null; then\nswiftlint\nelse\necho \"warning: SwiftLint not installed, download from https://github.com/realm/SwiftLint\"\nfi";
		};
		635F657D1E90371F5892AB99 /* 📦 Embed Pods Frameworks */ = {
			isa = PBXShellScriptBuildPhase;
			buildActionMask = 2147483647;
			files = (
			);
			inputPaths = (
			);
			name = "📦 Embed Pods Frameworks";
			outputPaths = (
			);
			runOnlyForDeploymentPostprocessing = 0;
			shellPath = /bin/sh;
			shellScript = "\"${SRCROOT}/Pods/Target Support Files/Pods-RxMoyaExample/Pods-RxMoyaExample-frameworks.sh\"\n";
			showEnvVarsInLog = 0;
		};
		79CDE469215B6EB0CF1AB69A /* 📦 Check Pods Manifest.lock */ = {
			isa = PBXShellScriptBuildPhase;
			buildActionMask = 2147483647;
			files = (
			);
			inputPaths = (
			);
			name = "📦 Check Pods Manifest.lock";
			outputPaths = (
			);
			runOnlyForDeploymentPostprocessing = 0;
			shellPath = /bin/sh;
			shellScript = "diff \"${PODS_ROOT}/../Podfile.lock\" \"${PODS_ROOT}/Manifest.lock\" > /dev/null\nif [[ $? != 0 ]] ; then\n    cat << EOM\nerror: The sandbox is not in sync with the Podfile.lock. Run 'pod install' or update your CocoaPods installation.\nEOM\n    exit 1\nfi\n";
			showEnvVarsInLog = 0;
		};
		F17FDF2AB0E5F39B9A19AD8B /* 📦 Copy Pods Resources */ = {
			isa = PBXShellScriptBuildPhase;
			buildActionMask = 2147483647;
			files = (
			);
			inputPaths = (
			);
			name = "📦 Copy Pods Resources";
			outputPaths = (
			);
			runOnlyForDeploymentPostprocessing = 0;
			shellPath = /bin/sh;
			shellScript = "\"${SRCROOT}/Pods/Target Support Files/Pods-RxMoyaExample/Pods-RxMoyaExample-resources.sh\"\n";
			showEnvVarsInLog = 0;
		};
/* End PBXShellScriptBuildPhase section */

/* Begin PBXSourcesBuildPhase section */
		45B1A5061D7E6DB100E820B1 /* Sources */ = {
			isa = PBXSourcesBuildPhase;
			buildActionMask = 2147483647;
			files = (
				45B1A52A1D7E87A800E820B1 /* UserInfoModel.swift in Sources */,
				45B1A5101D7E6DB100E820B1 /* ViewController.swift in Sources */,
				45B1A5281D7E7CE300E820B1 /* IssueTrackerModel.swift in Sources */,
				45B1A50E1D7E6DB100E820B1 /* AppDelegate.swift in Sources */,
				45B1A5261D7E7C3000E820B1 /* Models.swift in Sources */,
				457A9CF51DB4866100B34777 /* GitHubService.swift in Sources */,
			);
			runOnlyForDeploymentPostprocessing = 0;
		};
/* End PBXSourcesBuildPhase section */

/* Begin PBXVariantGroup section */
		45B1A5111D7E6DB100E820B1 /* Main.storyboard */ = {
			isa = PBXVariantGroup;
			children = (
				45B1A5121D7E6DB100E820B1 /* Base */,
			);
			name = Main.storyboard;
			sourceTree = "<group>";
		};
		45B1A5161D7E6DB100E820B1 /* LaunchScreen.storyboard */ = {
			isa = PBXVariantGroup;
			children = (
				45B1A5171D7E6DB100E820B1 /* Base */,
			);
			name = LaunchScreen.storyboard;
			sourceTree = "<group>";
		};
/* End PBXVariantGroup section */

/* Begin XCBuildConfiguration section */
		45B1A51A1D7E6DB100E820B1 /* Debug */ = {
			isa = XCBuildConfiguration;
			buildSettings = {
				ALWAYS_SEARCH_USER_PATHS = NO;
				CLANG_ANALYZER_NONNULL = YES;
				CLANG_CXX_LANGUAGE_STANDARD = "gnu++0x";
				CLANG_CXX_LIBRARY = "libc++";
				CLANG_ENABLE_MODULES = YES;
				CLANG_ENABLE_OBJC_ARC = YES;
				CLANG_WARN_BOOL_CONVERSION = YES;
				CLANG_WARN_CONSTANT_CONVERSION = YES;
				CLANG_WARN_DIRECT_OBJC_ISA_USAGE = YES_ERROR;
				CLANG_WARN_EMPTY_BODY = YES;
				CLANG_WARN_ENUM_CONVERSION = YES;
				CLANG_WARN_INT_CONVERSION = YES;
				CLANG_WARN_OBJC_ROOT_CLASS = YES_ERROR;
				CLANG_WARN_UNREACHABLE_CODE = YES;
				CLANG_WARN__DUPLICATE_METHOD_MATCH = YES;
				"CODE_SIGN_IDENTITY[sdk=iphoneos*]" = "iPhone Developer";
				COPY_PHASE_STRIP = NO;
				DEBUG_INFORMATION_FORMAT = dwarf;
				ENABLE_STRICT_OBJC_MSGSEND = YES;
				ENABLE_TESTABILITY = YES;
				GCC_C_LANGUAGE_STANDARD = gnu99;
				GCC_DYNAMIC_NO_PIC = NO;
				GCC_NO_COMMON_BLOCKS = YES;
				GCC_OPTIMIZATION_LEVEL = 0;
				GCC_PREPROCESSOR_DEFINITIONS = (
					"DEBUG=1",
					"$(inherited)",
				);
				GCC_WARN_64_TO_32_BIT_CONVERSION = YES;
				GCC_WARN_ABOUT_RETURN_TYPE = YES_ERROR;
				GCC_WARN_UNDECLARED_SELECTOR = YES;
				GCC_WARN_UNINITIALIZED_AUTOS = YES_AGGRESSIVE;
				GCC_WARN_UNUSED_FUNCTION = YES;
				GCC_WARN_UNUSED_VARIABLE = YES;
				IPHONEOS_DEPLOYMENT_TARGET = 9.3;
				MTL_ENABLE_DEBUG_INFO = YES;
				ONLY_ACTIVE_ARCH = YES;
				SDKROOT = iphoneos;
				SWIFT_OPTIMIZATION_LEVEL = "-Onone";
			};
			name = Debug;
		};
		45B1A51B1D7E6DB100E820B1 /* Release */ = {
			isa = XCBuildConfiguration;
			buildSettings = {
				ALWAYS_SEARCH_USER_PATHS = NO;
				CLANG_ANALYZER_NONNULL = YES;
				CLANG_CXX_LANGUAGE_STANDARD = "gnu++0x";
				CLANG_CXX_LIBRARY = "libc++";
				CLANG_ENABLE_MODULES = YES;
				CLANG_ENABLE_OBJC_ARC = YES;
				CLANG_WARN_BOOL_CONVERSION = YES;
				CLANG_WARN_CONSTANT_CONVERSION = YES;
				CLANG_WARN_DIRECT_OBJC_ISA_USAGE = YES_ERROR;
				CLANG_WARN_EMPTY_BODY = YES;
				CLANG_WARN_ENUM_CONVERSION = YES;
				CLANG_WARN_INT_CONVERSION = YES;
				CLANG_WARN_OBJC_ROOT_CLASS = YES_ERROR;
				CLANG_WARN_UNREACHABLE_CODE = YES;
				CLANG_WARN__DUPLICATE_METHOD_MATCH = YES;
				"CODE_SIGN_IDENTITY[sdk=iphoneos*]" = "iPhone Developer";
				COPY_PHASE_STRIP = NO;
				DEBUG_INFORMATION_FORMAT = "dwarf-with-dsym";
				ENABLE_NS_ASSERTIONS = NO;
				ENABLE_STRICT_OBJC_MSGSEND = YES;
				GCC_C_LANGUAGE_STANDARD = gnu99;
				GCC_NO_COMMON_BLOCKS = YES;
				GCC_WARN_64_TO_32_BIT_CONVERSION = YES;
				GCC_WARN_ABOUT_RETURN_TYPE = YES_ERROR;
				GCC_WARN_UNDECLARED_SELECTOR = YES;
				GCC_WARN_UNINITIALIZED_AUTOS = YES_AGGRESSIVE;
				GCC_WARN_UNUSED_FUNCTION = YES;
				GCC_WARN_UNUSED_VARIABLE = YES;
				IPHONEOS_DEPLOYMENT_TARGET = 9.3;
				MTL_ENABLE_DEBUG_INFO = NO;
				SDKROOT = iphoneos;
				VALIDATE_PRODUCT = YES;
			};
			name = Release;
		};
		45B1A51D1D7E6DB100E820B1 /* Debug */ = {
			isa = XCBuildConfiguration;
			baseConfigurationReference = F9A87ADBB6D379AE7999E157 /* Pods-RxMoyaExample.debug.xcconfig */;
			buildSettings = {
				ASSETCATALOG_COMPILER_APPICON_NAME = AppIcon;
				INFOPLIST_FILE = RxMoyaExample/Info.plist;
				LD_RUNPATH_SEARCH_PATHS = "$(inherited) @executable_path/Frameworks";
				PRODUCT_BUNDLE_IDENTIFIER = com.sekailabbd.RxMoyaExample;
				PRODUCT_NAME = "$(TARGET_NAME)";
			};
			name = Debug;
		};
		45B1A51E1D7E6DB100E820B1 /* Release */ = {
			isa = XCBuildConfiguration;
			baseConfigurationReference = 1B2F98DF84E5C5D92CB75F44 /* Pods-RxMoyaExample.release.xcconfig */;
			buildSettings = {
				ASSETCATALOG_COMPILER_APPICON_NAME = AppIcon;
				INFOPLIST_FILE = RxMoyaExample/Info.plist;
				LD_RUNPATH_SEARCH_PATHS = "$(inherited) @executable_path/Frameworks";
				PRODUCT_BUNDLE_IDENTIFIER = com.sekailabbd.RxMoyaExample;
				PRODUCT_NAME = "$(TARGET_NAME)";
			};
			name = Release;
		};
/* End XCBuildConfiguration section */

/* Begin XCConfigurationList section */
		45B1A5051D7E6DB100E820B1 /* Build configuration list for PBXProject "RxMoyaExample" */ = {
			isa = XCConfigurationList;
			buildConfigurations = (
				45B1A51A1D7E6DB100E820B1 /* Debug */,
				45B1A51B1D7E6DB100E820B1 /* Release */,
			);
			defaultConfigurationIsVisible = 0;
			defaultConfigurationName = Release;
		};
		45B1A51C1D7E6DB100E820B1 /* Build configuration list for PBXNativeTarget "RxMoyaExample" */ = {
			isa = XCConfigurationList;
			buildConfigurations = (
				45B1A51D1D7E6DB100E820B1 /* Debug */,
				45B1A51E1D7E6DB100E820B1 /* Release */,
			);
			defaultConfigurationIsVisible = 0;
			defaultConfigurationName = Release;
		};
/* End XCConfigurationList section */
	};
	rootObject = 45B1A5021D7E6DB100E820B1 /* Project object */;
}
